<?xml version="1.0" encoding="utf-8"?>
<Project ToolsVersion="4.0" xmlns="http://schemas.microsoft.com/developer/msbuild/2003">
  <ItemGroup>
    <Filter Include="Default">
      <UniqueIdentifier>{8e88971a-333a-471f-8d56-f77ce36a606e}</UniqueIdentifier>
    </Filter>
    <Filter Include="Game">
      <UniqueIdentifier>{47cf0882-deca-4168-98f3-2faf94439aae}</UniqueIdentifier>
    </Filter>
    <Filter Include="Game\01. Engine">
      <UniqueIdentifier>{56be2a7e-0f62-417a-aa48-bcb32ae60dc4}</UniqueIdentifier>
    </Filter>
    <Filter Include="Game\02. Mananger">
      <UniqueIdentifier>{e7dbfa87-4dce-4ea2-8197-98a81ae2ba0e}</UniqueIdentifier>
    </Filter>
    <Filter Include="Game\02. Mananger\01. KeyManager">
      <UniqueIdentifier>{539e19b4-f877-4fd6-a5c2-520db4e6afb7}</UniqueIdentifier>
    </Filter>
    <Filter Include="Game\02. Mananger\02. TimeMananger">
      <UniqueIdentifier>{b0a7e126-134a-49da-b292-001e9841c0d7}</UniqueIdentifier>
    </Filter>
    <Filter Include="Game\Entity">
      <UniqueIdentifier>{ee1347c0-b44c-4c5d-8ccd-d6f0bd0c9783}</UniqueIdentifier>
    </Filter>
    <Filter Include="Game\02. Mananger\03. LevelManager">
      <UniqueIdentifier>{08c3370c-b896-4ed4-8090-26a7c226719d}</UniqueIdentifier>
    </Filter>
    <Filter Include="Game\03. Level">
      <UniqueIdentifier>{10942d0a-ebff-4144-a6b1-36101e795a97}</UniqueIdentifier>
    </Filter>
    <Filter Include="Game\03. Level\01. Start">
      <UniqueIdentifier>{8eb299df-6669-459e-8c14-0a623b25c3ba}</UniqueIdentifier>
    </Filter>
    <Filter Include="Game\03. Level\02. Stage_01">
      <UniqueIdentifier>{3b662432-e112-4ef8-ad24-31fc2b49c792}</UniqueIdentifier>
    </Filter>
    <Filter Include="Game\04. Object">
      <UniqueIdentifier>{1fc6eb65-5b35-4650-be78-84a63cc2caf4}</UniqueIdentifier>
    </Filter>
    <Filter Include="Game\04. Object\Player">
      <UniqueIdentifier>{f5fc3f2c-f3f6-421c-ba6c-b5989cab33ff}</UniqueIdentifier>
    </Filter>
    <Filter Include="Game\04. Object\Missile">
      <UniqueIdentifier>{061d567f-0d6b-4d95-bef7-f169d2fbd8d3}</UniqueIdentifier>
    </Filter>
    <Filter Include="Game\05. Component">
      <UniqueIdentifier>{4f159870-3f43-49b3-b9d9-10fc193a424d}</UniqueIdentifier>
    </Filter>
    <Filter Include="Game\05. Component\Collider">
      <UniqueIdentifier>{22ea07ad-f9f9-4659-b49f-bde233aaaa84}</UniqueIdentifier>
    </Filter>
    <Filter Include="Game\05. Component\Animator">
      <UniqueIdentifier>{73342159-953c-4c4b-a1d4-791618d83d3f}</UniqueIdentifier>
    </Filter>
    <Filter Include="Game\04. Object\Monster">
      <UniqueIdentifier>{f525cc28-ae48-4358-9993-0289786f21df}</UniqueIdentifier>
    </Filter>
    <Filter Include="Game\02. Mananger\04. Collision">
      <UniqueIdentifier>{8e123887-8326-41c3-8f3c-75c73b9a3806}</UniqueIdentifier>
    </Filter>
    <Filter Include="Game\02. Mananger\05. EventManager">
      <UniqueIdentifier>{4a1603c8-80eb-4f8d-a36b-018e946b3a89}</UniqueIdentifier>
    </Filter>
    <Filter Include="Game\00. Header">
      <UniqueIdentifier>{17904be2-3209-4c5e-a942-c03c92577eda}</UniqueIdentifier>
    </Filter>
    <Filter Include="Game\02. Mananger\06. PathMananger">
      <UniqueIdentifier>{6cb7c926-1a57-4b32-976c-17d87fbb6860}</UniqueIdentifier>
    </Filter>
    <Filter Include="Game\06. Resource">
      <UniqueIdentifier>{995e35f2-87ad-48e8-bb5a-32942e43db50}</UniqueIdentifier>
    </Filter>
    <Filter Include="Game\06. Resource\Sound">
      <UniqueIdentifier>{82ffd8be-43b4-43f5-a0b2-731b16b28ee0}</UniqueIdentifier>
    </Filter>
    <Filter Include="Game\06. Resource\Texture">
      <UniqueIdentifier>{c8024a5b-681c-4db1-b1a4-06c9f0b21ee8}</UniqueIdentifier>
    </Filter>
    <Filter Include="Game\05. Component\Animator\Animation">
      <UniqueIdentifier>{5c55b169-bf8c-425d-bf6d-760e27a2d9ab}</UniqueIdentifier>
    </Filter>
    <Filter Include="Game\05. Component\RigidBody">
      <UniqueIdentifier>{a0a55a5d-54f4-4b36-b1e9-47a541787f4c}</UniqueIdentifier>
    </Filter>
    <Filter Include="Game\04. Object\Force">
      <UniqueIdentifier>{2ecf67c9-35a4-4fa7-afcc-2b287fb7dbe9}</UniqueIdentifier>
    </Filter>
    <Filter Include="Game\03. Level\Editor">
      <UniqueIdentifier>{867978c5-e8b6-43d1-9d4c-f91a748a54b5}</UniqueIdentifier>
    </Filter>
    <Filter Include="Game\04. Object\UI">
      <UniqueIdentifier>{4238b155-0ea3-4634-a8ce-afb87bf6fee5}</UniqueIdentifier>
    </Filter>
    <Filter Include="Game\02. Mananger\08. UIManager">
      <UniqueIdentifier>{640b7abc-b304-4db9-8800-d7496c4d8c4c}</UniqueIdentifier>
    </Filter>
    <Filter Include="Game\04. Object\UI\Button">
      <UniqueIdentifier>{c2eca512-903e-4aa0-8132-ff4d815748a7}</UniqueIdentifier>
    </Filter>
    <Filter Include="Game\04. Object\UI\Panel">
      <UniqueIdentifier>{60982b1d-7727-43e3-bbb7-6ac16b290eb5}</UniqueIdentifier>
    </Filter>
    <Filter Include="Game\02. Mananger\04. Collision\LineCollision">
      <UniqueIdentifier>{233d0ea3-3fcb-46af-995e-d4e8af74d320}</UniqueIdentifier>
    </Filter>
    <Filter Include="Game\05. Component\AI">
      <UniqueIdentifier>{9ebaa39b-d4fb-4009-a682-e87a3bf1e691}</UniqueIdentifier>
    </Filter>
    <Filter Include="Game\03. Level\Editor\LevelEditor">
      <UniqueIdentifier>{3ac23aee-a94e-4e49-8a49-7070a391b703}</UniqueIdentifier>
    </Filter>
    <Filter Include="Game\04. Object\SpawnPoint">
      <UniqueIdentifier>{eceb5244-051e-4c23-a87c-6f219892d7aa}</UniqueIdentifier>
    </Filter>
    <Filter Include="Game\04. Object\Map">
      <UniqueIdentifier>{8f1f63e3-fc24-4cad-a691-264f611709d8}</UniqueIdentifier>
    </Filter>
    <Filter Include="Game\04. Object\Map\BackGround">
      <UniqueIdentifier>{065f502d-2c7f-42b7-8ae5-8858fd6bae54}</UniqueIdentifier>
    </Filter>
    <Filter Include="Game\04. Object\Map\Line">
      <UniqueIdentifier>{0ee9b08a-05a6-4c60-bc59-2e3431ecd335}</UniqueIdentifier>
    </Filter>
    <Filter Include="Game\04. Object\Map\Platform">
      <UniqueIdentifier>{691e6afe-dcff-4f78-b397-d0af08fe7d85}</UniqueIdentifier>
    </Filter>
    <Filter Include="Game\04. Object\Map\TIle">
      <UniqueIdentifier>{66ac63ed-c75e-44a1-9ccf-4a218652be0b}</UniqueIdentifier>
    </Filter>
    <Filter Include="Game\04. Object\Trigger">
      <UniqueIdentifier>{c485da1f-c65e-4682-984f-2370b33838bb}</UniqueIdentifier>
    </Filter>
    <Filter Include="Game\04. Object\Trigger\LevelChangeTrigger">
      <UniqueIdentifier>{1354c4b7-433b-4b38-b7b1-31dff988e9b3}</UniqueIdentifier>
    </Filter>
    <Filter Include="Game\04. Object\SpawnPoint\Player Start">
      <UniqueIdentifier>{1bfe3394-3f25-4682-915e-ae139c9bdf3b}</UniqueIdentifier>
    </Filter>
    <Filter Include="Game\03. Level\Editor\AnimationEditor">
      <UniqueIdentifier>{4f466195-352f-4f88-bc80-2de786fa5bb0}</UniqueIdentifier>
    </Filter>
    <Filter Include="Game\07. State">
      <UniqueIdentifier>{430f6104-64ee-4bd8-aea4-8d5d7ca2f261}</UniqueIdentifier>
    </Filter>
    <Filter Include="Game\07. State\MonsterState">
      <UniqueIdentifier>{a3fbcf5e-55e2-464c-b59e-b4237f8afddb}</UniqueIdentifier>
    </Filter>
    <Filter Include="Game\07. State\PlayerState">
      <UniqueIdentifier>{03690ff1-540f-4819-bf08-c875ee96e9c8}</UniqueIdentifier>
    </Filter>
    <Filter Include="Game\07. State\PlayerState\Idle">
      <UniqueIdentifier>{2e498de7-dafc-4c91-94ef-4b415f8a85b6}</UniqueIdentifier>
    </Filter>
    <Filter Include="Game\02. Mananger\07. ResManager">
      <UniqueIdentifier>{e7495e60-c91b-4348-9eca-9539af63c181}</UniqueIdentifier>
    </Filter>
    <Filter Include="Game\07. State\PlayerState\Move">
      <UniqueIdentifier>{376636a8-977d-46c7-bfad-61eeda6ff2c9}</UniqueIdentifier>
    </Filter>
    <Filter Include="Game\07. State\PlayerState\Move\MoveLeft">
      <UniqueIdentifier>{ca2ae071-de14-4134-ab34-e746ae2e8a23}</UniqueIdentifier>
    </Filter>
    <Filter Include="Game\07. State\PlayerState\Move\MoveRight">
      <UniqueIdentifier>{0ea069a5-ee5d-4006-9f82-bcb2e1781157}</UniqueIdentifier>
    </Filter>
    <Filter Include="Game\07. State\PlayerState\Move\MoveEnd">
      <UniqueIdentifier>{8d2b8704-4300-4b7d-8150-1fb3e5a3e177}</UniqueIdentifier>
    </Filter>
    <Filter Include="Game\07. State\PlayerState\OnAir">
      <UniqueIdentifier>{b4fdd31c-c61e-48c3-9110-989f58d91269}</UniqueIdentifier>
    </Filter>
    <Filter Include="Game\07. State\PlayerState\OnAir\Jump">
      <UniqueIdentifier>{f8bc5d07-acbc-483d-a5fd-225bd672c027}</UniqueIdentifier>
    </Filter>
    <Filter Include="Game\07. State\PlayerState\OnAir\Fall">
      <UniqueIdentifier>{4cd4e8cd-cfb3-43b7-bffa-cf9f9f3d2927}</UniqueIdentifier>
    </Filter>
    <Filter Include="Game\07. State\PlayerState\OnAir\Landing">
      <UniqueIdentifier>{447f26c6-a422-4e02-914c-3c69046a948b}</UniqueIdentifier>
    </Filter>
    <Filter Include="Game\07. State\PlayerState\Move\BackDash">
      <UniqueIdentifier>{53a0a045-6d94-4d91-81e2-927023d3423f}</UniqueIdentifier>
    </Filter>
    <Filter Include="Game\07. State\PlayerState\Duck">
      <UniqueIdentifier>{6126134c-e428-42a6-a9b2-0632ca6926bf}</UniqueIdentifier>
    </Filter>
    <Filter Include="Game\07. State\PlayerState\Attack">
      <UniqueIdentifier>{2eec288c-b966-4aca-a876-e528e7ece4d1}</UniqueIdentifier>
    </Filter>
    <Filter Include="Game\04. Object\DebugObj">
      <UniqueIdentifier>{f7cf1e66-80e3-414b-9830-a1a7b1d372f3}</UniqueIdentifier>
    </Filter>
    <Filter Include="Game\07. State\PlayerState\Attack\StandAttack">
      <UniqueIdentifier>{c9d43270-e673-459a-a784-9d180698a9bd}</UniqueIdentifier>
    </Filter>
    <Filter Include="Game\07. State\PlayerState\Attack\DuckAttack">
      <UniqueIdentifier>{34ba2b78-3214-4189-9c3f-49b7dfafe9aa}</UniqueIdentifier>
    </Filter>
    <Filter Include="Game\07. State\PlayerState\Attack\JumpAttack">
      <UniqueIdentifier>{c568bbf4-9a1f-404b-a186-bafea62b2025}</UniqueIdentifier>
    </Filter>
    <Filter Include="Game\04. Object\Item">
      <UniqueIdentifier>{129d5c68-2ad2-4fa5-8aba-95cc27149816}</UniqueIdentifier>
    </Filter>
    <Filter Include="Game\04. Object\Item\Weapon">
      <UniqueIdentifier>{1c8cad22-6f60-4989-9c06-271fcd54d86a}</UniqueIdentifier>
    </Filter>
    <Filter Include="Game\02. Mananger\09. ObjManager">
      <UniqueIdentifier>{e3b19f26-8642-46de-bbc5-10bb708c6e55}</UniqueIdentifier>
    </Filter>
    <Filter Include="Game\02. Mananger\10. Camera">
      <UniqueIdentifier>{8cd8145e-defd-43ec-b17f-585895942fe2}</UniqueIdentifier>
    </Filter>
    <Filter Include="Game\04. Object\Effect">
      <UniqueIdentifier>{4644bdf0-6fbe-43ce-badb-c3bd0fc38b75}</UniqueIdentifier>
    </Filter>
    <Filter Include="Game\07. State\PlayerState\Cover">
      <UniqueIdentifier>{822505b9-e391-4e1f-aa59-a93f0b004e1b}</UniqueIdentifier>
    </Filter>
    <Filter Include="Game\07. State\PlayerState\Cover\StandCover">
      <UniqueIdentifier>{2fc64596-1774-4085-bc7d-df54970dadb9}</UniqueIdentifier>
    </Filter>
    <Filter Include="Game\07. State\PlayerState\Cover\DuckCover">
      <UniqueIdentifier>{785d1f74-4311-4221-891e-747beb737160}</UniqueIdentifier>
    </Filter>
    <Filter Include="Game\07. State\PlayerState\Duck\GetUp">
      <UniqueIdentifier>{b165d135-a209-464c-b25e-968890a13ee8}</UniqueIdentifier>
    </Filter>
    <Filter Include="Game\07. State\PlayerState\Hit">
      <UniqueIdentifier>{ea54f6ca-56bd-4c06-b399-8a3b06453229}</UniqueIdentifier>
    </Filter>
    <Filter Include="Game\04. Object\Projectile">
      <UniqueIdentifier>{557bfc33-dd9f-4396-aa18-b4b928905376}</UniqueIdentifier>
    </Filter>
    <Filter Include="Game\04. Object\Projectile\MonsterProjectile">
      <UniqueIdentifier>{fc08db80-94f8-4e37-96e7-b7ae30eb4f1a}</UniqueIdentifier>
    </Filter>
    <Filter Include="Game\04. Object\Projectile\PlayerProjectile">
      <UniqueIdentifier>{d03239f0-a400-4e64-9089-659188ddc96c}</UniqueIdentifier>
    </Filter>
    <Filter Include="Game\04. Object\Projectile\PlayerProjectile\Attack">
      <UniqueIdentifier>{328bdf5c-83b6-4f5a-88ba-a8a0bbf3ebf0}</UniqueIdentifier>
    </Filter>
    <Filter Include="Game\07. State\PlayerState\Death">
      <UniqueIdentifier>{8b457fe4-f969-4ba9-abbf-2bcf120f266d}</UniqueIdentifier>
    </Filter>
    <Filter Include="Game\04. Object\Projectile\PlayerProjectile\Dagger">
      <UniqueIdentifier>{4d058a3d-31a7-4fc6-b44a-6cff55d81671}</UniqueIdentifier>
    </Filter>
    <Filter Include="Game\04. Object\Projectile\PlayerProjectile\Axe">
      <UniqueIdentifier>{354bbeac-677c-4be0-bc76-5db6e70609b8}</UniqueIdentifier>
    </Filter>
    <Filter Include="Game\04. Object\Projectile\PlayerProjectile\Cover">
      <UniqueIdentifier>{b86b411f-c673-46e7-a186-c1be4ae4d653}</UniqueIdentifier>
    </Filter>
    <Filter Include="Game\04. Object\Projectile\PlayerProjectile\Bible">
      <UniqueIdentifier>{b3f0d2a4-4956-4f6e-b677-d085d1b583a5}</UniqueIdentifier>
    </Filter>
    <Filter Include="Game\04. Object\Projectile\PlayerProjectile\Bible\BibleTrail">
      <UniqueIdentifier>{879da478-eace-4364-9c77-7e53c9d44bc4}</UniqueIdentifier>
    </Filter>
    <Filter Include="Game\04. Object\Monster\Skeleton">
      <UniqueIdentifier>{17b77fcd-8f46-441f-a4e7-b61dc3e73e00}</UniqueIdentifier>
    </Filter>
    <Filter Include="Game\04. Object\Monster\BloodSkeleton">
      <UniqueIdentifier>{b8aa47da-eb46-4bd9-adc5-8d9a9974baa8}</UniqueIdentifier>
    </Filter>
    <Filter Include="Game\04. Object\Projectile\MonsterProjectile\Bone">
      <UniqueIdentifier>{e526710c-fffb-4bc7-8dc0-af5cd35143ab}</UniqueIdentifier>
    </Filter>
    <Filter Include="Game\04. Object\Monster\BoneScimitar">
      <UniqueIdentifier>{2d1d439b-45a3-4ab2-82a7-f80ad51cd8af}</UniqueIdentifier>
    </Filter>
    <Filter Include="Game\04. Object\Projectile\MonsterProjectile\MonsterAttack">
      <UniqueIdentifier>{64695cf3-5cff-4f09-b85c-384d52b41704}</UniqueIdentifier>
    </Filter>
    <Filter Include="Game\04. Object\Monster\AxeArmor">
      <UniqueIdentifier>{7cad6144-3541-484d-b978-abebb99df100}</UniqueIdentifier>
    </Filter>
    <Filter Include="Game\04. Object\Projectile\MonsterProjectile\MonsterAxe">
      <UniqueIdentifier>{f7419a97-6ca2-4b04-8f64-0ba5d5d3b2cb}</UniqueIdentifier>
    </Filter>
    <Filter Include="Game\04. Object\Monster\Boss">
      <UniqueIdentifier>{737cf71a-a022-4a55-a774-d5e8d224f248}</UniqueIdentifier>
    </Filter>
    <Filter Include="Game\04. Object\Monster\Boss\Slogra">
      <UniqueIdentifier>{99aff10d-f357-4199-b864-8412f86d6446}</UniqueIdentifier>
    </Filter>
    <Filter Include="Game\07. State\MonsterState\Normal">
      <UniqueIdentifier>{733e688c-c543-4294-b900-89e565d18475}</UniqueIdentifier>
    </Filter>
    <Filter Include="Game\07. State\MonsterState\Normal\AttackState">
      <UniqueIdentifier>{4905bc8d-3f9b-4471-9fe7-fcbd9157f762}</UniqueIdentifier>
    </Filter>
    <Filter Include="Game\07. State\MonsterState\Normal\DeadState">
      <UniqueIdentifier>{5c889f25-236c-4d2f-8acd-22fd834bc8d9}</UniqueIdentifier>
    </Filter>
    <Filter Include="Game\07. State\MonsterState\Normal\IdleState">
      <UniqueIdentifier>{eef37b5d-c0f8-4309-8473-040aa40908ad}</UniqueIdentifier>
    </Filter>
    <Filter Include="Game\07. State\MonsterState\Normal\PatrolState">
      <UniqueIdentifier>{9097d625-6085-42e6-a15f-96d3ff192c7e}</UniqueIdentifier>
    </Filter>
    <Filter Include="Game\07. State\MonsterState\Normal\TraceState">
      <UniqueIdentifier>{118d7a7e-061f-4517-886d-09ebd77aa5ee}</UniqueIdentifier>
    </Filter>
    <Filter Include="Game\07. State\Boss">
      <UniqueIdentifier>{44ded26e-6dee-4db9-a954-c623814864a3}</UniqueIdentifier>
    </Filter>
    <Filter Include="Game\07. State\Boss\Slogra">
      <UniqueIdentifier>{2584608b-ec52-4a83-8ed0-5b0d57c8bfcb}</UniqueIdentifier>
    </Filter>
    <Filter Include="Game\07. State\Boss\Slogra\Move">
      <UniqueIdentifier>{cb535db3-186b-4b3b-8bbd-2acdfa7d35a9}</UniqueIdentifier>
    </Filter>
    <Filter Include="Game\07. State\Boss\Slogra\Idle">
      <UniqueIdentifier>{f7f3d32c-717c-4d22-a675-d23b9d5cff69}</UniqueIdentifier>
    </Filter>
    <Filter Include="Game\07. State\Boss\Slogra\Attack">
      <UniqueIdentifier>{7d7c27fa-44f9-49a7-93d4-53d97464caef}</UniqueIdentifier>
    </Filter>
    <Filter Include="Game\07. State\Boss\Slogra\Hit">
      <UniqueIdentifier>{134f2c02-97cc-4f22-be29-232c63b93674}</UniqueIdentifier>
    </Filter>
    <Filter Include="Game\07. State\Boss\Slogra\Fire">
      <UniqueIdentifier>{71ee18ec-a6de-42ed-9f2e-3bbc4e91484d}</UniqueIdentifier>
    </Filter>
  </ItemGroup>
  <ItemGroup>
    <ClInclude Include="Client.h">
      <Filter>Default</Filter>
    </ClInclude>
    <ClInclude Include="framework.h">
      <Filter>Default</Filter>
    </ClInclude>
    <ClInclude Include="Resource.h">
      <Filter>Default</Filter>
    </ClInclude>
    <ClInclude Include="targetver.h">
      <Filter>Default</Filter>
    </ClInclude>
    <ClInclude Include="CEngine.h">
      <Filter>Game\01. Engine</Filter>
    </ClInclude>
    <ClInclude Include="CTimeMgr.h">
      <Filter>Game\02. Mananger\02. TimeMananger</Filter>
    </ClInclude>
    <ClInclude Include="CEntity.h">
      <Filter>Game\Entity</Filter>
    </ClInclude>
    <ClInclude Include="CObj.h">
      <Filter>Game\04. Object</Filter>
    </ClInclude>
    <ClInclude Include="CKeyMgr.h">
      <Filter>Game\02. Mananger\01. KeyManager</Filter>
    </ClInclude>
    <ClInclude Include="CLevel.h">
      <Filter>Game\03. Level</Filter>
    </ClInclude>
    <ClInclude Include="CLevelMgr.h">
      <Filter>Game\02. Mananger\03. LevelManager</Filter>
    </ClInclude>
    <ClInclude Include="CStartLevel.h">
      <Filter>Game\03. Level\01. Start</Filter>
    </ClInclude>
    <ClInclude Include="CStage01.h">
      <Filter>Game\03. Level\02. Stage_01</Filter>
    </ClInclude>
    <ClInclude Include="CPlayer.h">
      <Filter>Game\04. Object\Player</Filter>
    </ClInclude>
    <ClInclude Include="CMissile.h">
      <Filter>Game\04. Object\Missile</Filter>
    </ClInclude>
    <ClInclude Include="CComponent.h">
      <Filter>Game\05. Component</Filter>
    </ClInclude>
    <ClInclude Include="CCollider.h">
      <Filter>Game\05. Component\Collider</Filter>
    </ClInclude>
    <ClInclude Include="CAnimator.h">
      <Filter>Game\05. Component\Animator</Filter>
    </ClInclude>
    <ClInclude Include="CMonster.h">
      <Filter>Game\04. Object\Monster</Filter>
    </ClInclude>
    <ClInclude Include="CCollisionMgr.h">
      <Filter>Game\02. Mananger\04. Collision</Filter>
    </ClInclude>
    <ClInclude Include="CEventMgr.h">
      <Filter>Game\02. Mananger\05. EventManager</Filter>
    </ClInclude>
    <ClInclude Include="def.h">
      <Filter>Game\00. Header</Filter>
    </ClInclude>
    <ClInclude Include="struct.h">
      <Filter>Game\00. Header</Filter>
    </ClInclude>
    <ClInclude Include="pch.h">
      <Filter>Default</Filter>
    </ClInclude>
    <ClInclude Include="func.h">
      <Filter>Game\00. Header</Filter>
    </ClInclude>
    <ClInclude Include="CResMgr.h">
      <Filter>Game\02. Mananger\07. ResManager</Filter>
    </ClInclude>
    <ClInclude Include="CPathMgr.h">
      <Filter>Game\02. Mananger\06. PathMananger</Filter>
    </ClInclude>
    <ClInclude Include="CRes.h">
      <Filter>Game\06. Resource</Filter>
    </ClInclude>
    <ClInclude Include="CTexture.h">
      <Filter>Game\06. Resource\Texture</Filter>
    </ClInclude>
    <ClInclude Include="CSound.h">
      <Filter>Game\06. Resource\Sound</Filter>
    </ClInclude>
    <ClInclude Include="CAnimation.h">
      <Filter>Game\05. Component\Animator\Animation</Filter>
    </ClInclude>
    <ClInclude Include="CRigidBody.h">
      <Filter>Game\05. Component\RigidBody</Filter>
    </ClInclude>
    <ClInclude Include="CForce.h">
      <Filter>Game\04. Object\Force</Filter>
    </ClInclude>
    <ClInclude Include="CPlatform.h">
      <Filter>Game\04. Object\Map\Platform</Filter>
    </ClInclude>
    <ClInclude Include="CTile.h">
      <Filter>Game\04. Object\Map\TIle</Filter>
    </ClInclude>
    <ClInclude Include="CUI.h">
      <Filter>Game\04. Object\UI</Filter>
    </ClInclude>
    <ClInclude Include="CUIMgr.h">
      <Filter>Game\02. Mananger\08. UIManager</Filter>
    </ClInclude>
    <ClInclude Include="CButton.h">
      <Filter>Game\04. Object\UI\Button</Filter>
    </ClInclude>
    <ClInclude Include="CPanel.h">
      <Filter>Game\04. Object\UI\Panel</Filter>
    </ClInclude>
    <ClInclude Include="CLine.h">
      <Filter>Game\04. Object\Map\Line</Filter>
    </ClInclude>
    <ClInclude Include="CLineCollisionMgr.h">
      <Filter>Game\02. Mananger\04. Collision\LineCollision</Filter>
    </ClInclude>
    <ClInclude Include="CAI.h">
      <Filter>Game\05. Component\AI</Filter>
    </ClInclude>
    <ClInclude Include="CState.h">
      <Filter>Game\07. State</Filter>
    </ClInclude>
    <ClInclude Include="CIdleState.h">
      <Filter>Game\07. State\MonsterState\Normal\IdleState</Filter>
    </ClInclude>
    <ClInclude Include="CTraceState.h">
      <Filter>Game\07. State\MonsterState\Normal\TraceState</Filter>
    </ClInclude>
    <ClInclude Include="CBackGround.h">
      <Filter>Game\04. Object\Map\BackGround</Filter>
    </ClInclude>
    <ClInclude Include="CEditorLevel.h">
      <Filter>Game\03. Level\Editor\LevelEditor</Filter>
    </ClInclude>
    <ClInclude Include="CTrigger.h">
      <Filter>Game\04. Object\Trigger</Filter>
    </ClInclude>
    <ClInclude Include="CSpawnPoint.h">
      <Filter>Game\04. Object\SpawnPoint</Filter>
    </ClInclude>
    <ClInclude Include="CStartPoint.h">
      <Filter>Game\04. Object\SpawnPoint\Player Start</Filter>
    </ClInclude>
    <ClInclude Include="CLevelChangeTrigger.h">
      <Filter>Game\04. Object\Trigger\LevelChangeTrigger</Filter>
    </ClInclude>
    <ClInclude Include="CAnimationEditor.h">
      <Filter>Game\03. Level\Editor\AnimationEditor</Filter>
    </ClInclude>
    <ClInclude Include="CAnimDebug.h">
      <Filter>Game\04. Object\DebugObj</Filter>
    </ClInclude>
    <ClInclude Include="CPlayerState.h">
      <Filter>Game\07. State\PlayerState</Filter>
    </ClInclude>
    <ClInclude Include="CPlayerIdleState.h">
      <Filter>Game\07. State\PlayerState\Idle</Filter>
    </ClInclude>
    <ClInclude Include="CPlayerLeftMoveState.h">
      <Filter>Game\07. State\PlayerState\Move\MoveLeft</Filter>
    </ClInclude>
    <ClInclude Include="CPlayerRightMoveState.h">
      <Filter>Game\07. State\PlayerState\Move\MoveRight</Filter>
    </ClInclude>
    <ClInclude Include="CPlayerMoveEndState.h">
      <Filter>Game\07. State\PlayerState\Move\MoveEnd</Filter>
    </ClInclude>
    <ClInclude Include="CPlayerJumpState.h">
      <Filter>Game\07. State\PlayerState\OnAir\Jump</Filter>
    </ClInclude>
    <ClInclude Include="CPlayerFallState.h">
      <Filter>Game\07. State\PlayerState\OnAir\Fall</Filter>
    </ClInclude>
    <ClInclude Include="CPlayerLandingState.h">
      <Filter>Game\07. State\PlayerState\OnAir\Landing</Filter>
    </ClInclude>
    <ClInclude Include="CPlayerBackDashState.h">
      <Filter>Game\07. State\PlayerState\Move\BackDash</Filter>
    </ClInclude>
    <ClInclude Include="CPlayerDuckState.h">
      <Filter>Game\07. State\PlayerState\Duck</Filter>
    </ClInclude>
    <ClInclude Include="CPlayerAttackState.h">
      <Filter>Game\07. State\PlayerState\Attack</Filter>
    </ClInclude>
    <ClInclude Include="CPlayerStandAttackState.h">
      <Filter>Game\07. State\PlayerState\Attack\StandAttack</Filter>
    </ClInclude>
    <ClInclude Include="CPlayerJumpAttackState.h">
      <Filter>Game\07. State\PlayerState\Attack\JumpAttack</Filter>
    </ClInclude>
    <ClInclude Include="CPlayerDuckAttackState.h">
      <Filter>Game\07. State\PlayerState\Attack\DuckAttack</Filter>
    </ClInclude>
    <ClInclude Include="CWeapon.h">
      <Filter>Game\04. Object\Item\Weapon</Filter>
    </ClInclude>
    <ClInclude Include="CItem.h">
      <Filter>Game\04. Object\Item</Filter>
    </ClInclude>
    <ClInclude Include="CObjMgr.h">
      <Filter>Game\02. Mananger\09. ObjManager</Filter>
    </ClInclude>
    <ClInclude Include="CCamera.h">
      <Filter>Game\02. Mananger\10. Camera</Filter>
    </ClInclude>
    <ClInclude Include="CEffect.h">
      <Filter>Game\04. Object\Effect</Filter>
    </ClInclude>
    <ClInclude Include="CPlayerCoverState.h">
      <Filter>Game\07. State\PlayerState\Cover</Filter>
    </ClInclude>
    <ClInclude Include="CPlayerStandCoverState.h">
      <Filter>Game\07. State\PlayerState\Cover\StandCover</Filter>
    </ClInclude>
    <ClInclude Include="CAttack.h">
      <Filter>Game\04. Object\Projectile\PlayerProjectile\Attack</Filter>
    </ClInclude>
    <ClInclude Include="CCover.h">
      <Filter>Game\04. Object\Projectile\PlayerProjectile\Cover</Filter>
    </ClInclude>
    <ClInclude Include="CPlayerDuckCoverState.h">
      <Filter>Game\07. State\PlayerState\Cover\DuckCover</Filter>
    </ClInclude>
    <ClInclude Include="CPlayerGetUp.h">
      <Filter>Game\07. State\PlayerState\Duck\GetUp</Filter>
    </ClInclude>
    <ClInclude Include="CPlayerHitState.h">
      <Filter>Game\07. State\PlayerState\Hit</Filter>
    </ClInclude>
    <ClInclude Include="CProjectile.h">
      <Filter>Game\04. Object\Projectile</Filter>
    </ClInclude>
    <ClInclude Include="CPlayerProjectile.h">
      <Filter>Game\04. Object\Projectile\PlayerProjectile</Filter>
    </ClInclude>
    <ClInclude Include="CPlayerDeathState.h">
      <Filter>Game\07. State\PlayerState\Death</Filter>
    </ClInclude>
    <ClInclude Include="CDagger.h">
      <Filter>Game\04. Object\Projectile\PlayerProjectile\Dagger</Filter>
    </ClInclude>
    <ClInclude Include="CAxe.h">
      <Filter>Game\04. Object\Projectile\PlayerProjectile\Axe</Filter>
    </ClInclude>
    <ClInclude Include="CBible.h">
      <Filter>Game\04. Object\Projectile\PlayerProjectile\Bible</Filter>
    </ClInclude>
    <ClInclude Include="CBibleTrail.h">
      <Filter>Game\04. Object\Projectile\PlayerProjectile\Bible\BibleTrail</Filter>
    </ClInclude>
    <ClInclude Include="CSkeleton.h">
      <Filter>Game\04. Object\Monster\Skeleton</Filter>
    </ClInclude>
    <ClInclude Include="CBloodSkeleton.h">
      <Filter>Game\04. Object\Monster\BloodSkeleton</Filter>
    </ClInclude>
    <ClInclude Include="CMonsterState.h">
      <Filter>Game\07. State\MonsterState</Filter>
    </ClInclude>
    <ClInclude Include="CDeadState.h">
      <Filter>Game\07. State\MonsterState\Normal\DeadState</Filter>
    </ClInclude>
    <ClInclude Include="CPatrolState.h">
      <Filter>Game\07. State\MonsterState\Normal\PatrolState</Filter>
    </ClInclude>
    <ClInclude Include="CAttackState.h">
      <Filter>Game\07. State\MonsterState\Normal\AttackState</Filter>
    </ClInclude>
    <ClInclude Include="CMonsterProjectile.h">
      <Filter>Game\04. Object\Projectile\MonsterProjectile</Filter>
    </ClInclude>
    <ClInclude Include="CBone.h">
      <Filter>Game\04. Object\Projectile\MonsterProjectile\Bone</Filter>
    </ClInclude>
    <ClInclude Include="CBoneScimitar.h">
      <Filter>Game\04. Object\Monster\BoneScimitar</Filter>
    </ClInclude>
    <ClInclude Include="CMonsterAttack.h">
      <Filter>Game\04. Object\Projectile\MonsterProjectile\MonsterAttack</Filter>
    </ClInclude>
    <ClInclude Include="CAxeArmor.h">
      <Filter>Game\04. Object\Monster\AxeArmor</Filter>
    </ClInclude>
    <ClInclude Include="CMonsterAxe.h">
      <Filter>Game\04. Object\Projectile\MonsterProjectile\MonsterAxe</Filter>
    </ClInclude>
    <ClInclude Include="CSlogra.h">
      <Filter>Game\04. Object\Monster\Boss\Slogra</Filter>
    </ClInclude>
    <ClInclude Include="CSlograMoveState.h">
      <Filter>Game\07. State\Boss\Slogra\Move</Filter>
    </ClInclude>
    <ClInclude Include="CSlograAttackState.h">
      <Filter>Game\07. State\Boss\Slogra\Attack</Filter>
    </ClInclude>
    <ClInclude Include="CSlograIdleState.h">
      <Filter>Game\07. State\Boss\Slogra\Idle</Filter>
    </ClInclude>
    <ClInclude Include="CSlograHitState.h">
      <Filter>Game\07. State\Boss\Slogra\Hit</Filter>
    </ClInclude>
    <ClInclude Include="CSlograFireState.h">
      <Filter>Game\07. State\Boss\Slogra\Fire</Filter>
    </ClInclude>
  </ItemGroup>
  <ItemGroup>
    <Image Include="small.ico">
      <Filter>Default</Filter>
    </Image>
    <Image Include="Client.ico">
      <Filter>Default</Filter>
    </Image>
  </ItemGroup>
  <ItemGroup>
    <ClCompile Include="main.cpp" />
    <ClCompile Include="CEngine.cpp">
      <Filter>Game\01. Engine</Filter>
    </ClCompile>
    <ClCompile Include="CTimeMgr.cpp">
      <Filter>Game\02. Mananger\02. TimeMananger</Filter>
    </ClCompile>
    <ClCompile Include="CEntity.cpp">
      <Filter>Game\Entity</Filter>
    </ClCompile>
    <ClCompile Include="CLevel.cpp">
      <Filter>Game\03. Level</Filter>
    </ClCompile>
    <ClCompile Include="CLevelMgr.cpp">
      <Filter>Game\02. Mananger\03. LevelManager</Filter>
    </ClCompile>
    <ClCompile Include="CStartLevel.cpp">
      <Filter>Game\03. Level\01. Start</Filter>
    </ClCompile>
    <ClCompile Include="CStage01.cpp">
      <Filter>Game\03. Level\02. Stage_01</Filter>
    </ClCompile>
    <ClCompile Include="CPlayer.cpp">
      <Filter>Game\04. Object\Player</Filter>
    </ClCompile>
    <ClCompile Include="CMissile.cpp">
      <Filter>Game\04. Object\Missile</Filter>
    </ClCompile>
    <ClCompile Include="CComponent.cpp">
      <Filter>Game\05. Component</Filter>
    </ClCompile>
    <ClCompile Include="CCollider.cpp">
      <Filter>Game\05. Component\Collider</Filter>
    </ClCompile>
    <ClCompile Include="CAnimator.cpp">
      <Filter>Game\05. Component\Animator</Filter>
    </ClCompile>
    <ClCompile Include="CCollisionMgr.cpp">
      <Filter>Game\02. Mananger\04. Collision</Filter>
    </ClCompile>
    <ClCompile Include="CEventMgr.cpp">
      <Filter>Game\02. Mananger\05. EventManager</Filter>
    </ClCompile>
    <ClCompile Include="pch.cpp">
      <Filter>Default</Filter>
    </ClCompile>
    <ClCompile Include="func.cpp">
      <Filter>Game\00. Header</Filter>
    </ClCompile>
    <ClCompile Include="CResMgr.cpp">
      <Filter>Game\02. Mananger\07. ResManager</Filter>
    </ClCompile>
    <ClCompile Include="CPathMgr.cpp">
      <Filter>Game\02. Mananger\06. PathMananger</Filter>
    </ClCompile>
    <ClCompile Include="CRes.cpp">
      <Filter>Game\06. Resource</Filter>
    </ClCompile>
    <ClCompile Include="CTexture.cpp">
      <Filter>Game\06. Resource\Texture</Filter>
    </ClCompile>
    <ClCompile Include="CSound.cpp">
      <Filter>Game\06. Resource\Sound</Filter>
    </ClCompile>
    <ClCompile Include="CAnimation.cpp">
      <Filter>Game\05. Component\Animator\Animation</Filter>
    </ClCompile>
    <ClCompile Include="CRigidBody.cpp">
      <Filter>Game\05. Component\RigidBody</Filter>
    </ClCompile>
    <ClCompile Include="CKeyMgr.cpp">
      <Filter>Game\02. Mananger\01. KeyManager</Filter>
    </ClCompile>
    <ClCompile Include="CForce.cpp">
      <Filter>Game\04. Object\Force</Filter>
    </ClCompile>
    <ClCompile Include="CPlatform.cpp">
      <Filter>Game\04. Object\Map\Platform</Filter>
    </ClCompile>
    <ClCompile Include="CTile.cpp">
      <Filter>Game\04. Object\Map\TIle</Filter>
    </ClCompile>
    <ClCompile Include="CUI.cpp">
      <Filter>Game\04. Object\UI</Filter>
    </ClCompile>
    <ClCompile Include="CButton.cpp">
      <Filter>Game\04. Object\UI\Button</Filter>
    </ClCompile>
    <ClCompile Include="CPanel.cpp">
      <Filter>Game\04. Object\UI\Panel</Filter>
    </ClCompile>
    <ClCompile Include="CLine.cpp">
      <Filter>Game\04. Object\Map\Line</Filter>
    </ClCompile>
    <ClCompile Include="CLineCollisionMgr.cpp">
      <Filter>Game\02. Mananger\04. Collision\LineCollision</Filter>
    </ClCompile>
    <ClCompile Include="CUIMgr.cpp">
      <Filter>Game\02. Mananger\08. UIManager</Filter>
    </ClCompile>
    <ClCompile Include="CAI.cpp">
      <Filter>Game\05. Component\AI</Filter>
    </ClCompile>
    <ClCompile Include="CState.cpp">
      <Filter>Game\07. State</Filter>
    </ClCompile>
    <ClCompile Include="CIdleState.cpp">
      <Filter>Game\07. State\MonsterState\Normal\IdleState</Filter>
    </ClCompile>
    <ClCompile Include="CTraceState.cpp">
      <Filter>Game\07. State\MonsterState\Normal\TraceState</Filter>
    </ClCompile>
    <ClCompile Include="CMonster.cpp">
      <Filter>Game\04. Object\Monster</Filter>
    </ClCompile>
    <ClCompile Include="CObj.cpp">
      <Filter>Game\04. Object</Filter>
    </ClCompile>
    <ClCompile Include="CBackGround.cpp">
      <Filter>Game\04. Object\Map\BackGround</Filter>
    </ClCompile>
    <ClCompile Include="CEditorLevel.cpp">
      <Filter>Game\03. Level\Editor\LevelEditor</Filter>
    </ClCompile>
    <ClCompile Include="CEditorLevel_Object.cpp">
      <Filter>Game\03. Level\Editor\LevelEditor</Filter>
    </ClCompile>
    <ClCompile Include="CTrigger.cpp">
      <Filter>Game\04. Object\Trigger</Filter>
    </ClCompile>
    <ClCompile Include="CSpawnPoint.cpp">
      <Filter>Game\04. Object\SpawnPoint</Filter>
    </ClCompile>
    <ClCompile Include="CStartPoint.cpp">
      <Filter>Game\04. Object\SpawnPoint\Player Start</Filter>
    </ClCompile>
    <ClCompile Include="CLevelChangeTrigger.cpp">
      <Filter>Game\04. Object\Trigger\LevelChangeTrigger</Filter>
    </ClCompile>
    <ClCompile Include="CAnimationEditor.cpp">
      <Filter>Game\03. Level\Editor\AnimationEditor</Filter>
    </ClCompile>
    <ClCompile Include="CAnimDebug.cpp">
      <Filter>Game\04. Object\DebugObj</Filter>
    </ClCompile>
    <ClCompile Include="CPlayerState.cpp">
      <Filter>Game\07. State\PlayerState</Filter>
    </ClCompile>
    <ClCompile Include="CPlayerIdleState.cpp">
      <Filter>Game\07. State\PlayerState\Idle</Filter>
    </ClCompile>
    <ClCompile Include="CPlayerLeftMoveState.cpp">
      <Filter>Game\07. State\PlayerState\Move\MoveLeft</Filter>
    </ClCompile>
    <ClCompile Include="CPlayerRightMoveState.cpp">
      <Filter>Game\07. State\PlayerState\Move\MoveRight</Filter>
    </ClCompile>
    <ClCompile Include="CEditorLevel_Map.cpp">
      <Filter>Game\03. Level\Editor\LevelEditor</Filter>
    </ClCompile>
    <ClCompile Include="CPlayerMoveEndState.cpp">
      <Filter>Game\07. State\PlayerState\Move\MoveEnd</Filter>
    </ClCompile>
    <ClCompile Include="CPlayerJumpState.cpp">
      <Filter>Game\07. State\PlayerState\OnAir\Jump</Filter>
    </ClCompile>
    <ClCompile Include="CPlayerFallState.cpp">
      <Filter>Game\07. State\PlayerState\OnAir\Fall</Filter>
    </ClCompile>
    <ClCompile Include="CPlayerLandingState.cpp">
      <Filter>Game\07. State\PlayerState\OnAir\Landing</Filter>
    </ClCompile>
    <ClCompile Include="CPlayerBackDashState.cpp">
      <Filter>Game\07. State\PlayerState\Move\BackDash</Filter>
    </ClCompile>
    <ClCompile Include="CPlayerDuckState.cpp">
      <Filter>Game\07. State\PlayerState\Duck</Filter>
    </ClCompile>
    <ClCompile Include="CPlayerAttackState.cpp">
      <Filter>Game\07. State\PlayerState\Attack</Filter>
    </ClCompile>
    <ClCompile Include="CPlayerStandAttackState.cpp">
      <Filter>Game\07. State\PlayerState\Attack\StandAttack</Filter>
    </ClCompile>
    <ClCompile Include="CPlayerJumpAttackState.cpp">
      <Filter>Game\07. State\PlayerState\Attack\JumpAttack</Filter>
    </ClCompile>
    <ClCompile Include="CPlayerDuckAttackState.cpp">
      <Filter>Game\07. State\PlayerState\Attack\DuckAttack</Filter>
    </ClCompile>
    <ClCompile Include="CWeapon.cpp">
      <Filter>Game\04. Object\Item\Weapon</Filter>
    </ClCompile>
    <ClCompile Include="CItem.cpp">
      <Filter>Game\04. Object\Item</Filter>
    </ClCompile>
    <ClCompile Include="CObjMgr.cpp">
      <Filter>Game\02. Mananger\09. ObjManager</Filter>
    </ClCompile>
    <ClCompile Include="CCamera.cpp">
      <Filter>Game\02. Mananger\10. Camera</Filter>
    </ClCompile>
    <ClCompile Include="CEffect.cpp">
      <Filter>Game\04. Object\Effect</Filter>
    </ClCompile>
    <ClCompile Include="CPlayerCoverState.cpp">
      <Filter>Game\07. State\PlayerState\Cover</Filter>
    </ClCompile>
    <ClCompile Include="CPlayerStandCoverState.cpp">
      <Filter>Game\07. State\PlayerState\Cover\StandCover</Filter>
    </ClCompile>
    <ClCompile Include="CAttack.cpp">
      <Filter>Game\04. Object\Projectile\PlayerProjectile\Attack</Filter>
    </ClCompile>
    <ClCompile Include="CCover.cpp">
      <Filter>Game\04. Object\Projectile\PlayerProjectile\Cover</Filter>
    </ClCompile>
    <ClCompile Include="CPlayerDuckCoverState.cpp">
      <Filter>Game\07. State\PlayerState\Cover\DuckCover</Filter>
    </ClCompile>
    <ClCompile Include="CPlayerGetUp.cpp">
      <Filter>Game\07. State\PlayerState\Duck\GetUp</Filter>
    </ClCompile>
    <ClCompile Include="CPlayerHitState.cpp">
      <Filter>Game\07. State\PlayerState\Hit</Filter>
    </ClCompile>
    <ClCompile Include="CProjectile.cpp">
      <Filter>Game\04. Object\Projectile</Filter>
    </ClCompile>
    <ClCompile Include="CPlayerProjectile.cpp">
      <Filter>Game\04. Object\Projectile\PlayerProjectile</Filter>
    </ClCompile>
    <ClCompile Include="CPlayerDeathState.cpp">
      <Filter>Game\07. State\PlayerState\Death</Filter>
    </ClCompile>
    <ClCompile Include="CDagger.cpp">
      <Filter>Game\04. Object\Projectile\PlayerProjectile\Dagger</Filter>
    </ClCompile>
    <ClCompile Include="CAxe.cpp">
      <Filter>Game\04. Object\Projectile\PlayerProjectile\Axe</Filter>
    </ClCompile>
    <ClCompile Include="CBible.cpp">
      <Filter>Game\04. Object\Projectile\PlayerProjectile\Bible</Filter>
    </ClCompile>
    <ClCompile Include="CBibleTrail.cpp">
      <Filter>Game\04. Object\Projectile\PlayerProjectile\Bible\BibleTrail</Filter>
    </ClCompile>
    <ClCompile Include="CSkeleton.cpp">
      <Filter>Game\04. Object\Monster\Skeleton</Filter>
    </ClCompile>
    <ClCompile Include="CBloodSkeleton.cpp">
      <Filter>Game\04. Object\Monster\BloodSkeleton</Filter>
    </ClCompile>
    <ClCompile Include="CMonsterState.cpp">
      <Filter>Game\07. State\MonsterState</Filter>
    </ClCompile>
    <ClCompile Include="CDeadState.cpp">
      <Filter>Game\07. State\MonsterState\Normal\DeadState</Filter>
    </ClCompile>
    <ClCompile Include="CPatrolState.cpp">
      <Filter>Game\07. State\MonsterState\Normal\PatrolState</Filter>
    </ClCompile>
    <ClCompile Include="CAttackState.cpp">
      <Filter>Game\07. State\MonsterState\Normal\AttackState</Filter>
    </ClCompile>
    <ClCompile Include="CMonsterProjectile.cpp">
      <Filter>Game\04. Object\Projectile\MonsterProjectile</Filter>
    </ClCompile>
    <ClCompile Include="CBone.cpp">
      <Filter>Game\04. Object\Projectile\MonsterProjectile\Bone</Filter>
    </ClCompile>
    <ClCompile Include="CBoneScimitar.cpp">
      <Filter>Game\04. Object\Monster\BoneScimitar</Filter>
    </ClCompile>
    <ClCompile Include="CMonsterAttack.cpp">
      <Filter>Game\04. Object\Projectile\MonsterProjectile\MonsterAttack</Filter>
    </ClCompile>
    <ClCompile Include="CAxeArmor.cpp">
      <Filter>Game\04. Object\Monster\AxeArmor</Filter>
    </ClCompile>
    <ClCompile Include="CMonsterAxe.cpp">
      <Filter>Game\04. Object\Projectile\MonsterProjectile\MonsterAxe</Filter>
    </ClCompile>
    <ClCompile Include="CSlogra.cpp">
      <Filter>Game\04. Object\Monster\Boss\Slogra</Filter>
    </ClCompile>
    <ClCompile Include="CSlograMoveState.cpp">
      <Filter>Game\07. State\Boss\Slogra\Move</Filter>
    </ClCompile>
    <ClCompile Include="CSlograAttackState.cpp">
      <Filter>Game\07. State\Boss\Slogra\Attack</Filter>
    </ClCompile>
    <ClCompile Include="CSlograIdleState.cpp">
      <Filter>Game\07. State\Boss\Slogra\Idle</Filter>
    </ClCompile>
    <ClCompile Include="CSlograHitState.cpp">
      <Filter>Game\07. State\Boss\Slogra\Hit</Filter>
    </ClCompile>
    <ClCompile Include="CSlograFireState.cpp">
      <Filter>Game\07. State\Boss\Slogra\Fire</Filter>
    </ClCompile>
  </ItemGroup>
  <ItemGroup>
    <ResourceCompile Include="Client.rc">
      <Filter>Default</Filter>
    </ResourceCompile>
  </ItemGroup>
</Project>